# This file was autogenerated by Stack.
# You should not edit this file by hand.
# For more information, please see the documentation at:
#   https://docs.haskellstack.org/en/stable/lock_files

packages:
- completed:
    hackage: cmark-0.5.6@sha256:5f1f2b14cfb5d129a429836b2ec742820161baa7841d2bf607551ef7edb01618,3872
    pantry-tree:
      size: 2758
      sha256: 1ce191c8b670170ccd7426541bf431eafb0291b5eee3ee25e57dfc355ddafca2
  original:
    hackage: cmark-0.5.6@sha256:5f1f2b14cfb5d129a429836b2ec742820161baa7841d2bf607551ef7edb01618
snapshots:
- completed:
    size: 496635
    url: https://raw.githubusercontent.com/commercialhaskell/stackage-snapshots/master/lts/13/12.yaml
    sha256: 67b74d6acad1342ba8089b75f415c1c63897e3f32091863c921104e8d0bdcfa0
  original: lts-13.12
